
Microsoft Visual Studio Solution File, Format Version 12.00
# Visual Studio 15
VisualStudioVersion = 15.0.26124.0
MinimumVisualStudioVersion = 15.0.26124.0
Project("{FAE04EC0-301F-11D3-BF4B-00C04F79EFBC}") = "LSL.Swashbuckle.AspNetCore.Tests", "LSL.Swashbuckle.AspNetCore.Tests\LSL.Swashbuckle.AspNetCore.Tests.csproj", "{D68EF940-7562-4B54-86B6-86949D64ED12}"
EndProject
Project("{FAE04EC0-301F-11D3-BF4B-00C04F79EFBC}") = "LSL.Swashbuckle.AspNetCore", "LSL.Swashbuckle.AspNetCore\LSL.Swashbuckle.AspNetCore.csproj", "{73AEE648-FC6A-4528-A0E5-548AB5981676}"
EndProject
Project("{FAE04EC0-301F-11D3-BF4B-00C04F79EFBC}") = "LSL.Swashbuckle.AspNetCore.WebApp", "LSL.Swashbuckle.AspNetCore.WebApp\LSL.Swashbuckle.AspNetCore.WebApp.csproj", "{58C7DFE1-0EC1-429B-82A7-1AE59A9790A2}"
EndProject
Global
	GlobalSection(SolutionConfigurationPlatforms) = preSolution
		Debug|Any CPU = Debug|Any CPU
		Debug|x64 = Debug|x64
		Debug|x86 = Debug|x86
		Release|Any CPU = Release|Any CPU
		Release|x64 = Release|x64
		Release|x86 = Release|x86
	EndGlobalSection
	GlobalSection(SolutionProperties) = preSolution
		HideSolutionNode = FALSE
	EndGlobalSection
	GlobalSection(ProjectConfigurationPlatforms) = postSolution
		{D68EF940-7562-4B54-86B6-86949D64ED12}.Debug|Any CPU.ActiveCfg = Debug|Any CPU
		{D68EF940-7562-4B54-86B6-86949D64ED12}.Debug|Any CPU.Build.0 = Debug|Any CPU
		{D68EF940-7562-4B54-86B6-86949D64ED12}.Debug|x64.ActiveCfg = Debug|Any CPU
		{D68EF940-7562-4B54-86B6-86949D64ED12}.Debug|x64.Build.0 = Debug|Any CPU
		{D68EF940-7562-4B54-86B6-86949D64ED12}.Debug|x86.ActiveCfg = Debug|Any CPU
		{D68EF940-7562-4B54-86B6-86949D64ED12}.Debug|x86.Build.0 = Debug|Any CPU
		{D68EF940-7562-4B54-86B6-86949D64ED12}.Release|Any CPU.ActiveCfg = Release|Any CPU
		{D68EF940-7562-4B54-86B6-86949D64ED12}.Release|Any CPU.Build.0 = Release|Any CPU
		{D68EF940-7562-4B54-86B6-86949D64ED12}.Release|x64.ActiveCfg = Release|Any CPU
		{D68EF940-7562-4B54-86B6-86949D64ED12}.Release|x64.Build.0 = Release|Any CPU
		{D68EF940-7562-4B54-86B6-86949D64ED12}.Release|x86.ActiveCfg = Release|Any CPU
		{D68EF940-7562-4B54-86B6-86949D64ED12}.Release|x86.Build.0 = Release|Any CPU
		{73AEE648-FC6A-4528-A0E5-548AB5981676}.Debug|Any CPU.ActiveCfg = Debug|Any CPU
		{73AEE648-FC6A-4528-A0E5-548AB5981676}.Debug|Any CPU.Build.0 = Debug|Any CPU
		{73AEE648-FC6A-4528-A0E5-548AB5981676}.Debug|x64.ActiveCfg = Debug|Any CPU
		{73AEE648-FC6A-4528-A0E5-548AB5981676}.Debug|x64.Build.0 = Debug|Any CPU
		{73AEE648-FC6A-4528-A0E5-548AB5981676}.Debug|x86.ActiveCfg = Debug|Any CPU
		{73AEE648-FC6A-4528-A0E5-548AB5981676}.Debug|x86.Build.0 = Debug|Any CPU
		{73AEE648-FC6A-4528-A0E5-548AB5981676}.Release|Any CPU.ActiveCfg = Release|Any CPU
		{73AEE648-FC6A-4528-A0E5-548AB5981676}.Release|Any CPU.Build.0 = Release|Any CPU
		{73AEE648-FC6A-4528-A0E5-548AB5981676}.Release|x64.ActiveCfg = Release|Any CPU
		{73AEE648-FC6A-4528-A0E5-548AB5981676}.Release|x64.Build.0 = Release|Any CPU
		{73AEE648-FC6A-4528-A0E5-548AB5981676}.Release|x86.ActiveCfg = Release|Any CPU
		{73AEE648-FC6A-4528-A0E5-548AB5981676}.Release|x86.Build.0 = Release|Any CPU
		{58C7DFE1-0EC1-429B-82A7-1AE59A9790A2}.Debug|Any CPU.ActiveCfg = Debug|Any CPU
		{58C7DFE1-0EC1-429B-82A7-1AE59A9790A2}.Debug|Any CPU.Build.0 = Debug|Any CPU
		{58C7DFE1-0EC1-429B-82A7-1AE59A9790A2}.Debug|x64.ActiveCfg = Debug|Any CPU
		{58C7DFE1-0EC1-429B-82A7-1AE59A9790A2}.Debug|x64.Build.0 = Debug|Any CPU
		{58C7DFE1-0EC1-429B-82A7-1AE59A9790A2}.Debug|x86.ActiveCfg = Debug|Any CPU
		{58C7DFE1-0EC1-429B-82A7-1AE59A9790A2}.Debug|x86.Build.0 = Debug|Any CPU
		{58C7DFE1-0EC1-429B-82A7-1AE59A9790A2}.Release|Any CPU.ActiveCfg = Release|Any CPU
		{58C7DFE1-0EC1-429B-82A7-1AE59A9790A2}.Release|Any CPU.Build.0 = Release|Any CPU
		{58C7DFE1-0EC1-429B-82A7-1AE59A9790A2}.Release|x64.ActiveCfg = Release|Any CPU
		{58C7DFE1-0EC1-429B-82A7-1AE59A9790A2}.Release|x64.Build.0 = Release|Any CPU
		{58C7DFE1-0EC1-429B-82A7-1AE59A9790A2}.Release|x86.ActiveCfg = Release|Any CPU
		{58C7DFE1-0EC1-429B-82A7-1AE59A9790A2}.Release|x86.Build.0 = Release|Any CPU
	EndGlobalSection
EndGlobal
